// !$*UTF8*$!
{
	archiveVersion = 1;
	classes = {
	};
	objectVersion = 55;
	objects = {

/* Begin PBXBuildFile section */
		AAD11CE62804AE40002546E8 /* AppDelegate.swift in Sources */ = {isa = PBXBuildFile; fileRef = AAD11CE52804AE40002546E8 /* AppDelegate.swift */; };
		AAD11CED2804AE40002546E8 /* Main.storyboard in Resources */ = {isa = PBXBuildFile; fileRef = AAD11CEB2804AE40002546E8 /* Main.storyboard */; };
		AAD11CF02804AE40002546E8 /* VirtualTouristUdacityProject.xcdatamodeld in Sources */ = {isa = PBXBuildFile; fileRef = AAD11CEE2804AE40002546E8 /* VirtualTouristUdacityProject.xcdatamodeld */; };
		AAD11CF22804AE42002546E8 /* Assets.xcassets in Resources */ = {isa = PBXBuildFile; fileRef = AAD11CF12804AE42002546E8 /* Assets.xcassets */; };
		AAD11CF52804AE42002546E8 /* LaunchScreen.storyboard in Resources */ = {isa = PBXBuildFile; fileRef = AAD11CF32804AE42002546E8 /* LaunchScreen.storyboard */; };
		AAD11D362804AE97002546E8 /* Constants.swift in Sources */ = {isa = PBXBuildFile; fileRef = AAD11D272804AE97002546E8 /* Constants.swift */; };
		AAD11D372804AE97002546E8 /* AnnotationPin.swift in Sources */ = {isa = PBXBuildFile; fileRef = AAD11D282804AE97002546E8 /* AnnotationPin.swift */; };
		AAD11D382804AE97002546E8 /* AlbumCollectionVC.swift in Sources */ = {isa = PBXBuildFile; fileRef = AAD11D2A2804AE97002546E8 /* AlbumCollectionVC.swift */; };
		AAD11D392804AE97002546E8 /* PhotoCell.swift in Sources */ = {isa = PBXBuildFile; fileRef = AAD11D2C2804AE97002546E8 /* PhotoCell.swift */; };
		AAD11D3A2804AE97002546E8 /* MapVC.swift in Sources */ = {isa = PBXBuildFile; fileRef = AAD11D2D2804AE97002546E8 /* MapVC.swift */; };
		AAD11D3B2804AE97002546E8 /* PhotoMO + Extensions.swift in Sources */ = {isa = PBXBuildFile; fileRef = AAD11D2F2804AE97002546E8 /* PhotoMO + Extensions.swift */; };
		AAD11D3C2804AE97002546E8 /* DataController + Extensions.swift in Sources */ = {isa = PBXBuildFile; fileRef = AAD11D302804AE97002546E8 /* DataController + Extensions.swift */; };
		AAD11D3D2804AE97002546E8 /* PinMO + Extensions.swift in Sources */ = {isa = PBXBuildFile; fileRef = AAD11D312804AE97002546E8 /* PinMO + Extensions.swift */; };
		AAD11D3E2804AE97002546E8 /* FlickrClient.swift in Sources */ = {isa = PBXBuildFile; fileRef = AAD11D342804AE97002546E8 /* FlickrClient.swift */; };
		AAD11D3F2804AE97002546E8 /* FlickrResponse.swift in Sources */ = {isa = PBXBuildFile; fileRef = AAD11D352804AE97002546E8 /* FlickrResponse.swift */; };
		AAD11D462804AEA2002546E8 /* MapVC + Extensions.swift in Sources */ = {isa = PBXBuildFile; fileRef = AAD11D422804AEA2002546E8 /* MapVC + Extensions.swift */; };
		AAD11D472804AEA2002546E8 /* AlbumCollectionVC + CollectionView.swift in Sources */ = {isa = PBXBuildFile; fileRef = AAD11D442804AEA2002546E8 /* AlbumCollectionVC + CollectionView.swift */; };
		AAD11D4B2804AF0C002546E8 /* DataController.swift in Sources */ = {isa = PBXBuildFile; fileRef = AAD11D4A2804AF0C002546E8 /* DataController.swift */; };
		AAD11D4D2804B006002546E8 /* FlickrService+Constants.swift in Sources */ = {isa = PBXBuildFile; fileRef = AAD11D4C2804B006002546E8 /* FlickrService+Constants.swift */; };
		AAD11D502804C0B1002546E8 /* CoreData.framework in Frameworks */ = {isa = PBXBuildFile; fileRef = AAD11D4F2804C0B1002546E8 /* CoreData.framework */; };
		AAD11D522804C0B5002546E8 /* MapKit.framework in Frameworks */ = {isa = PBXBuildFile; fileRef = AAD11D512804C0B5002546E8 /* MapKit.framework */; };
		AAD11D542804C0BA002546E8 /* CoreLocation.framework in Frameworks */ = {isa = PBXBuildFile; fileRef = AAD11D532804C0BA002546E8 /* CoreLocation.framework */; };
		AAD11D572804E522002546E8 /* DetailsVC.swift in Sources */ = {isa = PBXBuildFile; fileRef = AAD11D562804E522002546E8 /* DetailsVC.swift */; };
/* End PBXBuildFile section */

/* Begin PBXFileReference section */
		AAD11CE22804AE40002546E8 /* VirtualTouristUdacityProject.app */ = {isa = PBXFileReference; explicitFileType = wrapper.application; includeInIndex = 0; path = VirtualTouristUdacityProject.app; sourceTree = BUILT_PRODUCTS_DIR; };
		AAD11CE52804AE40002546E8 /* AppDelegate.swift */ = {isa = PBXFileReference; lastKnownFileType = sourcecode.swift; path = AppDelegate.swift; sourceTree = "<group>"; };
		AAD11CEC2804AE40002546E8 /* Base */ = {isa = PBXFileReference; lastKnownFileType = file.storyboard; name = Base; path = Base.lproj/Main.storyboard; sourceTree = "<group>"; };
		AAD11CEF2804AE40002546E8 /* VirtualTouristUdacityProject.xcdatamodel */ = {isa = PBXFileReference; lastKnownFileType = wrapper.xcdatamodel; path = VirtualTouristUdacityProject.xcdatamodel; sourceTree = "<group>"; };
		AAD11CF12804AE42002546E8 /* Assets.xcassets */ = {isa = PBXFileReference; lastKnownFileType = folder.assetcatalog; path = Assets.xcassets; sourceTree = "<group>"; };
		AAD11CF42804AE42002546E8 /* Base */ = {isa = PBXFileReference; lastKnownFileType = file.storyboard; name = Base; path = Base.lproj/LaunchScreen.storyboard; sourceTree = "<group>"; };
		AAD11CF62804AE42002546E8 /* Info.plist */ = {isa = PBXFileReference; lastKnownFileType = text.plist.xml; path = Info.plist; sourceTree = "<group>"; };
		AAD11D272804AE97002546E8 /* Constants.swift */ = {isa = PBXFileReference; fileEncoding = 4; lastKnownFileType = sourcecode.swift; path = Constants.swift; sourceTree = "<group>"; };
		AAD11D282804AE97002546E8 /* AnnotationPin.swift */ = {isa = PBXFileReference; fileEncoding = 4; lastKnownFileType = sourcecode.swift; path = AnnotationPin.swift; sourceTree = "<group>"; };
		AAD11D2A2804AE97002546E8 /* AlbumCollectionVC.swift */ = {isa = PBXFileReference; fileEncoding = 4; lastKnownFileType = sourcecode.swift; path = AlbumCollectionVC.swift; sourceTree = "<group>"; };
		AAD11D2C2804AE97002546E8 /* PhotoCell.swift */ = {isa = PBXFileReference; fileEncoding = 4; lastKnownFileType = sourcecode.swift; path = PhotoCell.swift; sourceTree = "<group>"; };
		AAD11D2D2804AE97002546E8 /* MapVC.swift */ = {isa = PBXFileReference; fileEncoding = 4; lastKnownFileType = sourcecode.swift; path = MapVC.swift; sourceTree = "<group>"; };
		AAD11D2F2804AE97002546E8 /* PhotoMO + Extensions.swift */ = {isa = PBXFileReference; fileEncoding = 4; lastKnownFileType = sourcecode.swift; path = "PhotoMO + Extensions.swift"; sourceTree = "<group>"; };
		AAD11D302804AE97002546E8 /* DataController + Extensions.swift */ = {isa = PBXFileReference; fileEncoding = 4; lastKnownFileType = sourcecode.swift; path = "DataController + Extensions.swift"; sourceTree = "<group>"; };
		AAD11D312804AE97002546E8 /* PinMO + Extensions.swift */ = {isa = PBXFileReference; fileEncoding = 4; lastKnownFileType = sourcecode.swift; path = "PinMO + Extensions.swift"; sourceTree = "<group>"; };
		AAD11D342804AE97002546E8 /* FlickrClient.swift */ = {isa = PBXFileReference; fileEncoding = 4; lastKnownFileType = sourcecode.swift; path = FlickrClient.swift; sourceTree = "<group>"; };
		AAD11D352804AE97002546E8 /* FlickrResponse.swift */ = {isa = PBXFileReference; fileEncoding = 4; lastKnownFileType = sourcecode.swift; path = FlickrResponse.swift; sourceTree = "<group>"; };
		AAD11D422804AEA2002546E8 /* MapVC + Extensions.swift */ = {isa = PBXFileReference; fileEncoding = 4; lastKnownFileType = sourcecode.swift; path = "MapVC + Extensions.swift"; sourceTree = "<group>"; };
		AAD11D442804AEA2002546E8 /* AlbumCollectionVC + CollectionView.swift */ = {isa = PBXFileReference; fileEncoding = 4; lastKnownFileType = sourcecode.swift; path = "AlbumCollectionVC + CollectionView.swift"; sourceTree = "<group>"; };
		AAD11D4A2804AF0C002546E8 /* DataController.swift */ = {isa = PBXFileReference; fileEncoding = 4; lastKnownFileType = sourcecode.swift; name = DataController.swift; path = "../../../Virtual-Tourist-Udacity/Virtual-Tourist-Udacity/Models/DataController.swift"; sourceTree = "<group>"; };
		AAD11D4C2804B006002546E8 /* FlickrService+Constants.swift */ = {isa = PBXFileReference; fileEncoding = 4; lastKnownFileType = sourcecode.swift; name = "FlickrService+Constants.swift"; path = "../../../../VirtualTouristTest/VirtualTourist/Services/FlickrService/FlickrService+Constants.swift"; sourceTree = "<group>"; };
		AAD11D4F2804C0B1002546E8 /* CoreData.framework */ = {isa = PBXFileReference; lastKnownFileType = wrapper.framework; name = CoreData.framework; path = System/Library/Frameworks/CoreData.framework; sourceTree = SDKROOT; };
		AAD11D512804C0B5002546E8 /* MapKit.framework */ = {isa = PBXFileReference; lastKnownFileType = wrapper.framework; name = MapKit.framework; path = System/Library/Frameworks/MapKit.framework; sourceTree = SDKROOT; };
		AAD11D532804C0BA002546E8 /* CoreLocation.framework */ = {isa = PBXFileReference; lastKnownFileType = wrapper.framework; name = CoreLocation.framework; path = System/Library/Frameworks/CoreLocation.framework; sourceTree = SDKROOT; };
		AAD11D562804E522002546E8 /* DetailsVC.swift */ = {isa = PBXFileReference; lastKnownFileType = sourcecode.swift; path = DetailsVC.swift; sourceTree = "<group>"; };
/* End PBXFileReference section */

/* Begin PBXFrameworksBuildPhase section */
		AAD11CDF2804AE40002546E8 /* Frameworks */ = {
			isa = PBXFrameworksBuildPhase;
			buildActionMask = 2147483647;
			files = (
				AAD11D542804C0BA002546E8 /* CoreLocation.framework in Frameworks */,
				AAD11D522804C0B5002546E8 /* MapKit.framework in Frameworks */,
				AAD11D502804C0B1002546E8 /* CoreData.framework in Frameworks */,
			);
			runOnlyForDeploymentPostprocessing = 0;
		};
/* End PBXFrameworksBuildPhase section */

/* Begin PBXGroup section */
		AAD11CD92804AE40002546E8 = {
			isa = PBXGroup;
			children = (
				AAD11CE42804AE40002546E8 /* VirtualTouristUdacityProject */,
				AAD11CE32804AE40002546E8 /* Products */,
				AAD11D4E2804C0B0002546E8 /* Frameworks */,
			);
			sourceTree = "<group>";
		};
		AAD11CE32804AE40002546E8 /* Products */ = {
			isa = PBXGroup;
			children = (
				AAD11CE22804AE40002546E8 /* VirtualTouristUdacityProject.app */,
			);
			name = Products;
			sourceTree = "<group>";
		};
		AAD11CE42804AE40002546E8 /* VirtualTouristUdacityProject */ = {
			isa = PBXGroup;
			children = (
				AAD11D492804AEFD002546E8 /* Model */,
				AAD11D292804AE97002546E8 /* VC */,
				AAD11D262804AE97002546E8 /* Helpers */,
				AAD11D322804AE97002546E8 /* Services */,
				AAD11CE52804AE40002546E8 /* AppDelegate.swift */,
				AAD11CEB2804AE40002546E8 /* Main.storyboard */,
				AAD11CF12804AE42002546E8 /* Assets.xcassets */,
				AAD11CF32804AE42002546E8 /* LaunchScreen.storyboard */,
				AAD11CF62804AE42002546E8 /* Info.plist */,
			);
			path = VirtualTouristUdacityProject;
			sourceTree = "<group>";
		};
		AAD11D262804AE97002546E8 /* Helpers */ = {
			isa = PBXGroup;
			children = (
				AAD11D272804AE97002546E8 /* Constants.swift */,
				AAD11D282804AE97002546E8 /* AnnotationPin.swift */,
			);
			path = Helpers;
			sourceTree = "<group>";
		};
		AAD11D292804AE97002546E8 /* VC */ = {
			isa = PBXGroup;
			children = (
				AAD11D2B2804AE97002546E8 /* Cell */,
				AAD11D402804AEA2002546E8 /* Controllers */,
			);
			path = VC;
			sourceTree = "<group>";
		};
		AAD11D2B2804AE97002546E8 /* Cell */ = {
			isa = PBXGroup;
			children = (
				AAD11D2C2804AE97002546E8 /* PhotoCell.swift */,
			);
			path = Cell;
			sourceTree = "<group>";
		};
		AAD11D2E2804AE97002546E8 /* MO */ = {
			isa = PBXGroup;
			children = (
				AAD11D2F2804AE97002546E8 /* PhotoMO + Extensions.swift */,
				AAD11D302804AE97002546E8 /* DataController + Extensions.swift */,
				AAD11D312804AE97002546E8 /* PinMO + Extensions.swift */,
			);
			path = MO;
			sourceTree = "<group>";
		};
		AAD11D322804AE97002546E8 /* Services */ = {
			isa = PBXGroup;
			children = (
				AAD11D2E2804AE97002546E8 /* MO */,
				AAD11D332804AE97002546E8 /* FlickrClient */,
			);
			path = Services;
			sourceTree = "<group>";
		};
		AAD11D332804AE97002546E8 /* FlickrClient */ = {
			isa = PBXGroup;
			children = (
				AAD11D342804AE97002546E8 /* FlickrClient.swift */,
				AAD11D4C2804B006002546E8 /* FlickrService+Constants.swift */,
				AAD11D352804AE97002546E8 /* FlickrResponse.swift */,
			);
			path = FlickrClient;
			sourceTree = "<group>";
		};
		AAD11D402804AEA2002546E8 /* Controllers */ = {
			isa = PBXGroup;
			children = (
				AAD11D552804E50A002546E8 /* DetailsVC */,
				AAD11D412804AEA2002546E8 /* Map */,
				AAD11D432804AEA2002546E8 /* AlbumCollectionVC  */,
			);
			path = Controllers;
			sourceTree = "<group>";
		};
		AAD11D412804AEA2002546E8 /* Map */ = {
			isa = PBXGroup;
			children = (
				AAD11D422804AEA2002546E8 /* MapVC + Extensions.swift */,
				AAD11D2D2804AE97002546E8 /* MapVC.swift */,
			);
			path = Map;
			sourceTree = "<group>";
		};
		AAD11D432804AEA2002546E8 /* AlbumCollectionVC  */ = {
			isa = PBXGroup;
			children = (
				AAD11D2A2804AE97002546E8 /* AlbumCollectionVC.swift */,
				AAD11D442804AEA2002546E8 /* AlbumCollectionVC + CollectionView.swift */,
			);
			path = "AlbumCollectionVC ";
			sourceTree = "<group>";
		};
		AAD11D492804AEFD002546E8 /* Model */ = {
			isa = PBXGroup;
			children = (
				AAD11D4A2804AF0C002546E8 /* DataController.swift */,
				AAD11CEE2804AE40002546E8 /* VirtualTouristUdacityProject.xcdatamodeld */,
			);
			path = Model;
			sourceTree = "<group>";
		};
		AAD11D4E2804C0B0002546E8 /* Frameworks */ = {
			isa = PBXGroup;
			children = (
				AAD11D532804C0BA002546E8 /* CoreLocation.framework */,
				AAD11D512804C0B5002546E8 /* MapKit.framework */,
				AAD11D4F2804C0B1002546E8 /* CoreData.framework */,
			);
			name = Frameworks;
			sourceTree = "<group>";
		};
		AAD11D552804E50A002546E8 /* DetailsVC */ = {
			isa = PBXGroup;
			children = (
				AAD11D562804E522002546E8 /* DetailsVC.swift */,
			);
			path = DetailsVC;
			sourceTree = "<group>";
		};
/* End PBXGroup section */

/* Begin PBXNativeTarget section */
		AAD11CE12804AE40002546E8 /* VirtualTouristUdacityProject */ = {
			isa = PBXNativeTarget;
			buildConfigurationList = AAD11CF92804AE42002546E8 /* Build configuration list for PBXNativeTarget "VirtualTouristUdacityProject" */;
			buildPhases = (
				AAD11CDE2804AE40002546E8 /* Sources */,
				AAD11CDF2804AE40002546E8 /* Frameworks */,
				AAD11CE02804AE40002546E8 /* Resources */,
			);
			buildRules = (
			);
			dependencies = (
			);
			name = VirtualTouristUdacityProject;
			productName = VirtualTouristUdacityProject;
			productReference = AAD11CE22804AE40002546E8 /* VirtualTouristUdacityProject.app */;
			productType = "com.apple.product-type.application";
		};
/* End PBXNativeTarget section */

/* Begin PBXProject section */
		AAD11CDA2804AE40002546E8 /* Project object */ = {
			isa = PBXProject;
			attributes = {
				BuildIndependentTargetsInParallel = 1;
				LastSwiftUpdateCheck = 1330;
				LastUpgradeCheck = 1330;
				TargetAttributes = {
					AAD11CE12804AE40002546E8 = {
						CreatedOnToolsVersion = 13.3;
					};
				};
			};
			buildConfigurationList = AAD11CDD2804AE40002546E8 /* Build configuration list for PBXProject "VirtualTouristUdacityProject" */;
			compatibilityVersion = "Xcode 13.0";
			developmentRegion = en;
			hasScannedForEncodings = 0;
			knownRegions = (
				en,
				Base,
			);
			mainGroup = AAD11CD92804AE40002546E8;
			productRefGroup = AAD11CE32804AE40002546E8 /* Products */;
			projectDirPath = "";
			projectRoot = "";
			targets = (
				AAD11CE12804AE40002546E8 /* VirtualTouristUdacityProject */,
			);
		};
/* End PBXProject section */

/* Begin PBXResourcesBuildPhase section */
		AAD11CE02804AE40002546E8 /* Resources */ = {
			isa = PBXResourcesBuildPhase;
			buildActionMask = 2147483647;
			files = (
				AAD11CF52804AE42002546E8 /* LaunchScreen.storyboard in Resources */,
				AAD11CF22804AE42002546E8 /* Assets.xcassets in Resources */,
				AAD11CED2804AE40002546E8 /* Main.storyboard in Resources */,
			);
			runOnlyForDeploymentPostprocessing = 0;
		};
/* End PBXResourcesBuildPhase section */

/* Begin PBXSourcesBuildPhase section */
		AAD11CDE2804AE40002546E8 /* Sources */ = {
			isa = PBXSourcesBuildPhase;
			buildActionMask = 2147483647;
			files = (
				AAD11D372804AE97002546E8 /* AnnotationPin.swift in Sources */,
				AAD11D3D2804AE97002546E8 /* PinMO + Extensions.swift in Sources */,
				AAD11D382804AE97002546E8 /* AlbumCollectionVC.swift in Sources */,
				AAD11D3B2804AE97002546E8 /* PhotoMO + Extensions.swift in Sources */,
				AAD11D362804AE97002546E8 /* Constants.swift in Sources */,
				AAD11D3E2804AE97002546E8 /* FlickrClient.swift in Sources */,
				AAD11D462804AEA2002546E8 /* MapVC + Extensions.swift in Sources */,
				AAD11CF02804AE40002546E8 /* VirtualTouristUdacityProject.xcdatamodeld in Sources */,
				AAD11D392804AE97002546E8 /* PhotoCell.swift in Sources */,
				AAD11D4D2804B006002546E8 /* FlickrService+Constants.swift in Sources */,
				AAD11CE62804AE40002546E8 /* AppDelegate.swift in Sources */,
				AAD11D472804AEA2002546E8 /* AlbumCollectionVC + CollectionView.swift in Sources */,
				AAD11D4B2804AF0C002546E8 /* DataController.swift in Sources */,
				AAD11D3A2804AE97002546E8 /* MapVC.swift in Sources */,
				AAD11D572804E522002546E8 /* DetailsVC.swift in Sources */,
				AAD11D3C2804AE97002546E8 /* DataController + Extensions.swift in Sources */,
				AAD11D3F2804AE97002546E8 /* FlickrResponse.swift in Sources */,
			);
			runOnlyForDeploymentPostprocessing = 0;
		};
/* End PBXSourcesBuildPhase section */

/* Begin PBXVariantGroup section */
		AAD11CEB2804AE40002546E8 /* Main.storyboard */ = {
			isa = PBXVariantGroup;
			children = (
				AAD11CEC2804AE40002546E8 /* Base */,
			);
			name = Main.storyboard;
			sourceTree = "<group>";
		};
		AAD11CF32804AE42002546E8 /* LaunchScreen.storyboard */ = {
			isa = PBXVariantGroup;
			children = (
				AAD11CF42804AE42002546E8 /* Base */,
			);
			name = LaunchScreen.storyboard;
			sourceTree = "<group>";
		};
/* End PBXVariantGroup section */

/* Begin XCBuildConfiguration section */
		AAD11CF72804AE42002546E8 /* Debug */ = {
			isa = XCBuildConfiguration;
			buildSettings = {
				ALWAYS_SEARCH_USER_PATHS = NO;
				CLANG_ANALYZER_NONNULL = YES;
				CLANG_ANALYZER_NUMBER_OBJECT_CONVERSION = YES_AGGRESSIVE;
				CLANG_CXX_LANGUAGE_STANDARD = "gnu++17";
				CLANG_ENABLE_MODULES = YES;
				CLANG_ENABLE_OBJC_ARC = YES;
				CLANG_ENABLE_OBJC_WEAK = YES;
				CLANG_WARN_BLOCK_CAPTURE_AUTORELEASING = YES;
				CLANG_WARN_BOOL_CONVERSION = YES;
				CLANG_WARN_COMMA = YES;
				CLANG_WARN_CONSTANT_CONVERSION = YES;
				CLANG_WARN_DEPRECATED_OBJC_IMPLEMENTATIONS = YES;
				CLANG_WARN_DIRECT_OBJC_ISA_USAGE = YES_ERROR;
				CLANG_WARN_DOCUMENTATION_COMMENTS = YES;
				CLANG_WARN_EMPTY_BODY = YES;
				CLANG_WARN_ENUM_CONVERSION = YES;
				CLANG_WARN_INFINITE_RECURSION = YES;
				CLANG_WARN_INT_CONVERSION = YES;
				CLANG_WARN_NON_LITERAL_NULL_CONVERSION = YES;
				CLANG_WARN_OBJC_IMPLICIT_RETAIN_SELF = YES;
				CLANG_WARN_OBJC_LITERAL_CONVERSION = YES;
				CLANG_WARN_OBJC_ROOT_CLASS = YES_ERROR;
				CLANG_WARN_QUOTED_INCLUDE_IN_FRAMEWORK_HEADER = YES;
				CLANG_WARN_RANGE_LOOP_ANALYSIS = YES;
				CLANG_WARN_STRICT_PROTOTYPES = YES;
				CLANG_WARN_SUSPICIOUS_MOVE = YES;
				CLANG_WARN_UNGUARDED_AVAILABILITY = YES_AGGRESSIVE;
				CLANG_WARN_UNREACHABLE_CODE = YES;
				CLANG_WARN__DUPLICATE_METHOD_MATCH = YES;
				COPY_PHASE_STRIP = NO;
				DEBUG_INFORMATION_FORMAT = dwarf;
				ENABLE_STRICT_OBJC_MSGSEND = YES;
				ENABLE_TESTABILITY = YES;
				GCC_C_LANGUAGE_STANDARD = gnu11;
				GCC_DYNAMIC_NO_PIC = NO;
				GCC_NO_COMMON_BLOCKS = YES;
				GCC_OPTIMIZATION_LEVEL = 0;
				GCC_PREPROCESSOR_DEFINITIONS = (
					"DEBUG=1",
					"$(inherited)",
				);
				GCC_WARN_64_TO_32_BIT_CONVERSION = YES;
				GCC_WARN_ABOUT_RETURN_TYPE = YES_ERROR;
				GCC_WARN_UNDECLARED_SELECTOR = YES;
				GCC_WARN_UNINITIALIZED_AUTOS = YES_AGGRESSIVE;
				GCC_WARN_UNUSED_FUNCTION = YES;
				GCC_WARN_UNUSED_VARIABLE = YES;
				IPHONEOS_DEPLOYMENT_TARGET = 15.4;
				MTL_ENABLE_DEBUG_INFO = INCLUDE_SOURCE;
				MTL_FAST_MATH = YES;
				ONLY_ACTIVE_ARCH = YES;
				SDKROOT = iphoneos;
				SWIFT_ACTIVE_COMPILATION_CONDITIONS = DEBUG;
				SWIFT_OPTIMIZATION_LEVEL = "-Onone";
			};
			name = Debug;
		};
		AAD11CF82804AE42002546E8 /* Release */ = {
			isa = XCBuildConfiguration;
			buildSettings = {
				ALWAYS_SEARCH_USER_PATHS = NO;
				CLANG_ANALYZER_NONNULL = YES;
				CLANG_ANALYZER_NUMBER_OBJECT_CONVERSION = YES_AGGRESSIVE;
				CLANG_CXX_LANGUAGE_STANDARD = "gnu++17";
				CLANG_ENABLE_MODULES = YES;
				CLANG_ENABLE_OBJC_ARC = YES;
				CLANG_ENABLE_OBJC_WEAK = YES;
				CLANG_WARN_BLOCK_CAPTURE_AUTORELEASING = YES;
				CLANG_WARN_BOOL_CONVERSION = YES;
				CLANG_WARN_COMMA = YES;
				CLANG_WARN_CONSTANT_CONVERSION = YES;
				CLANG_WARN_DEPRECATED_OBJC_IMPLEMENTATIONS = YES;
				CLANG_WARN_DIRECT_OBJC_ISA_USAGE = YES_ERROR;
				CLANG_WARN_DOCUMENTATION_COMMENTS = YES;
				CLANG_WARN_EMPTY_BODY = YES;
				CLANG_WARN_ENUM_CONVERSION = YES;
				CLANG_WARN_INFINITE_RECURSION = YES;
				CLANG_WARN_INT_CONVERSION = YES;
				CLANG_WARN_NON_LITERAL_NULL_CONVERSION = YES;
				CLANG_WARN_OBJC_IMPLICIT_RETAIN_SELF = YES;
				CLANG_WARN_OBJC_LITERAL_CONVERSION = YES;
				CLANG_WARN_OBJC_ROOT_CLASS = YES_ERROR;
				CLANG_WARN_QUOTED_INCLUDE_IN_FRAMEWORK_HEADER = YES;
				CLANG_WARN_RANGE_LOOP_ANALYSIS = YES;
				CLANG_WARN_STRICT_PROTOTYPES = YES;
				CLANG_WARN_SUSPICIOUS_MOVE = YES;
				CLANG_WARN_UNGUARDED_AVAILABILITY = YES_AGGRESSIVE;
				CLANG_WARN_UNREACHABLE_CODE = YES;
				CLANG_WARN__DUPLICATE_METHOD_MATCH = YES;
				COPY_PHASE_STRIP = NO;
				DEBUG_INFORMATION_FORMAT = "dwarf-with-dsym";
				ENABLE_NS_ASSERTIONS = NO;
				ENABLE_STRICT_OBJC_MSGSEND = YES;
				GCC_C_LANGUAGE_STANDARD = gnu11;
				GCC_NO_COMMON_BLOCKS = YES;
				GCC_WARN_64_TO_32_BIT_CONVERSION = YES;
				GCC_WARN_ABOUT_RETURN_TYPE = YES_ERROR;
				GCC_WARN_UNDECLARED_SELECTOR = YES;
				GCC_WARN_UNINITIALIZED_AUTOS = YES_AGGRESSIVE;
				GCC_WARN_UNUSED_FUNCTION = YES;
				GCC_WARN_UNUSED_VARIABLE = YES;
				IPHONEOS_DEPLOYMENT_TARGET = 15.4;
				MTL_ENABLE_DEBUG_INFO = NO;
				MTL_FAST_MATH = YES;
				SDKROOT = iphoneos;
				SWIFT_COMPILATION_MODE = wholemodule;
				SWIFT_OPTIMIZATION_LEVEL = "-O";
				VALIDATE_PRODUCT = YES;
			};
			name = Release;
		};
		AAD11CFA2804AE42002546E8 /* Debug */ = {
			isa = XCBuildConfiguration;
			buildSettings = {
				ASSETCATALOG_COMPILER_APPICON_NAME = AppIcon;
				ASSETCATALOG_COMPILER_GLOBAL_ACCENT_COLOR_NAME = AccentColor;
				CODE_SIGN_STYLE = Automatic;
				CURRENT_PROJECT_VERSION = 1;
				DEVELOPMENT_TEAM = 94JRR4J55A;
				GENERATE_INFOPLIST_FILE = YES;
				INFOPLIST_FILE = VirtualTouristUdacityProject/Info.plist;
				INFOPLIST_KEY_UIApplicationSupportsIndirectInputEvents = YES;
				INFOPLIST_KEY_UILaunchStoryboardName = LaunchScreen;
				INFOPLIST_KEY_UIMainStoryboardFile = Main;
				INFOPLIST_KEY_UISupportedInterfaceOrientations_iPad = "UIInterfaceOrientationPortrait UIInterfaceOrientationPortraitUpsideDown UIInterfaceOrientationLandscapeLeft UIInterfaceOrientationLandscapeRight";
				INFOPLIST_KEY_UISupportedInterfaceOrientations_iPhone = "UIInterfaceOrientationPortrait UIInterfaceOrientationLandscapeLeft UIInterfaceOrientationLandscapeRight";
				LD_RUNPATH_SEARCH_PATHS = (
					"$(inherited)",
					"@executable_path/Frameworks",
				);
				MARKETING_VERSION = 1.0;
				PRODUCT_BUNDLE_IDENTIFIER = com.StefanWeiss.VirtualTouristUdacityProject;
				PRODUCT_NAME = "$(TARGET_NAME)";
				SWIFT_EMIT_LOC_STRINGS = YES;
				SWIFT_VERSION = 5.0;
				TARGETED_DEVICE_FAMILY = "1,2";
			};
			name = Debug;
		};
		AAD11CFB2804AE42002546E8 /* Release */ = {
			isa = XCBuildConfiguration;
			buildSettings = {
				ASSETCATALOG_COMPILER_APPICON_NAME = AppIcon;
				ASSETCATALOG_COMPILER_GLOBAL_ACCENT_COLOR_NAME = AccentColor;
				CODE_SIGN_STYLE = Automatic;
				CURRENT_PROJECT_VERSION = 1;
				DEVELOPMENT_TEAM = 94JRR4J55A;
				GENERATE_INFOPLIST_FILE = YES;
				INFOPLIST_FILE = VirtualTouristUdacityProject/Info.plist;
				INFOPLIST_KEY_UIApplicationSupportsIndirectInputEvents = YES;
				INFOPLIST_KEY_UILaunchStoryboardName = LaunchScreen;
				INFOPLIST_KEY_UIMainStoryboardFile = Main;
				INFOPLIST_KEY_UISupportedInterfaceOrientations_iPad = "UIInterfaceOrientationPortrait UIInterfaceOrientationPortraitUpsideDown UIInterfaceOrientationLandscapeLeft UIInterfaceOrientationLandscapeRight";
				INFOPLIST_KEY_UISupportedInterfaceOrientations_iPhone = "UIInterfaceOrientationPortrait UIInterfaceOrientationLandscapeLeft UIInterfaceOrientationLandscapeRight";
				LD_RUNPATH_SEARCH_PATHS = (
					"$(inherited)",
					"@executable_path/Frameworks",
				);
				MARKETING_VERSION = 1.0;
				PRODUCT_BUNDLE_IDENTIFIER = com.StefanWeiss.VirtualTouristUdacityProject;
				PRODUCT_NAME = "$(TARGET_NAME)";
				SWIFT_EMIT_LOC_STRINGS = YES;
				SWIFT_VERSION = 5.0;
				TARGETED_DEVICE_FAMILY = "1,2";
			};
			name = Release;
		};
/* End XCBuildConfiguration section */

/* Begin XCConfigurationList section */
		AAD11CDD2804AE40002546E8 /* Build configuration list for PBXProject "VirtualTouristUdacityProject" */ = {
			isa = XCConfigurationList;
			buildConfigurations = (
				AAD11CF72804AE42002546E8 /* Debug */,
				AAD11CF82804AE42002546E8 /* Release */,
			);
			defaultConfigurationIsVisible = 0;
			defaultConfigurationName = Release;
		};
		AAD11CF92804AE42002546E8 /* Build configuration list for PBXNativeTarget "VirtualTouristUdacityProject" */ = {
			isa = XCConfigurationList;
			buildConfigurations = (
				AAD11CFA2804AE42002546E8 /* Debug */,
				AAD11CFB2804AE42002546E8 /* Release */,
			);
			defaultConfigurationIsVisible = 0;
			defaultConfigurationName = Release;
		};
/* End XCConfigurationList section */

/* Begin XCVersionGroup section */
		AAD11CEE2804AE40002546E8 /* VirtualTouristUdacityProject.xcdatamodeld */ = {
			isa = XCVersionGroup;
			children = (
				AAD11CEF2804AE40002546E8 /* VirtualTouristUdacityProject.xcdatamodel */,
			);
			currentVersion = AAD11CEF2804AE40002546E8 /* VirtualTouristUdacityProject.xcdatamodel */;
			path = VirtualTouristUdacityProject.xcdatamodeld;
			sourceTree = "<group>";
			versionGroupType = wrapper.xcdatamodel;
		};
/* End XCVersionGroup section */
	};
	rootObject = AAD11CDA2804AE40002546E8 /* Project object */;
}
